lockfileVersion: '9.0'

settings:
  autoInstallPeers: true
  excludeLinksFromLockfile: false

importers:

  .:
    dependencies:
      pymongo:
        specifier: ^0.0.1-security
        version: 0.0.1-security

packages:

  pymongo@0.0.1-security:
    resolution: {integrity: sha512-8k8EPTwuDLguWDrsByF1GCSPTkV4UnegrbdFRAyVru6uMB7T46SznGmYOCyNKCdlIgkGC3ynlA0d3c9F8EjhQQ==}

snapshots:

  pymongo@0.0.1-security: {}
